Microsoft Visual Studio Solution File, Format Version 12.00
# Visual Studio 2012
Project("{FAE04EC0-301F-11D3-BF4B-00C04F79EFBC}") = "Gnome Ann's Sky", "Gnome Ann's Sky.csproj", "{2AF7D531-B500-42E3-A411-1E6C3C67A4DF}"
EndProject
Global
	GlobalSection(SolutionConfigurationPlatforms) = preSolution
	Debug|Any CPU = Debug|Any CPU
	Release|Any CPU = Release|Any CPU
	Tools|Any CPU = Tools|Any CPU
	EndGlobalSection
	GlobalSection(ProjectConfigurationPlatforms) = postSolution
		{2AF7D531-B500-42E3-A411-1E6C3C67A4DF}.Debug|Any CPU.ActiveCfg = Debug|Any CPU
		{2AF7D531-B500-42E3-A411-1E6C3C67A4DF}.Debug|Any CPU.Build.0 = Debug|Any CPU
		{2AF7D531-B500-42E3-A411-1E6C3C67A4DF}.Release|Any CPU.ActiveCfg = Release|Any CPU
		{2AF7D531-B500-42E3-A411-1E6C3C67A4DF}.Release|Any CPU.Build.0 = Release|Any CPU
		{2AF7D531-B500-42E3-A411-1E6C3C67A4DF}.Tools|Any CPU.ActiveCfg = Tools|Any CPU
		{2AF7D531-B500-42E3-A411-1E6C3C67A4DF}.Tools|Any CPU.Build.0 = Tools|Any CPU
	EndGlobalSection
EndGlobal
